<?xml version="1.0" encoding="utf-8"?>
<Project ToolsVersion="4.0" xmlns="http://schemas.microsoft.com/developer/msbuild/2003">
  <ItemGroup>
    <Filter Include="Source Files">
      <UniqueIdentifier>{61a2e427-eadf-48b2-9648-b26886cc2345}</UniqueIdentifier>
      <Extensions>cpp;c;cxx;rc;def;r;odl;idl;hpj;bat</Extensions>
    </Filter>
    <Filter Include="Header Files">
      <UniqueIdentifier>{98fbf662-1f36-4a1f-9743-9b15d5b64640}</UniqueIdentifier>
      <Extensions>h;hpp;hxx;hm;inl</Extensions>
    </Filter>
    <Filter Include="Resource Files">
      <UniqueIdentifier>{5ce49592-b3e9-4389-b527-5a6abf2f7fa3}</UniqueIdentifier>
      <Extensions>ico;cur;bmp;dlg;rc2;rct;bin;rgs;gif;jpg;jpeg;jpe</Extensions>
    </Filter>
  </ItemGroup>
  <ItemGroup>
    <ClCompile Include="checkData.cpp">
      <Filter>Source Files</Filter>
    </ClCompile>
    <ClCompile Include="dataPlot.cpp">
      <Filter>Source Files</Filter>
    </ClCompile>
    <ClCompile Include="dataPlotDlg.cpp">
      <Filter>Source Files</Filter>
    </ClCompile>
    <ClCompile Include="DrawThread.cpp">
      <Filter>Source Files</Filter>
    </ClCompile>
    <ClCompile Include="HandleThread.cpp">
      <Filter>Source Files</Filter>
    </ClCompile>
    <ClCompile Include="mscomm.cpp">
      <Filter>Source Files</Filter>
    </ClCompile>
    <ClCompile Include="receiveData.cpp">
      <Filter>Source Files</Filter>
    </ClCompile>
    <ClCompile Include="StdAfx.cpp">
      <Filter>Source Files</Filter>
    </ClCompile>
  </ItemGroup>
  <ItemGroup>
    <ResourceCompile Include="dataPlot.rc">
      <Filter>Source Files</Filter>
    </ResourceCompile>
  </ItemGroup>
  <ItemGroup>
    <ClInclude Include="binaryData.h">
      <Filter>Header Files</Filter>
    </ClInclude>
    <ClInclude Include="checkData.h">
      <Filter>Header Files</Filter>
    </ClInclude>
    <ClInclude Include="dataPlot.h">
      <Filter>Header Files</Filter>
    </ClInclude>
    <ClInclude Include="dataPlotDlg.h">
      <Filter>Header Files</Filter>
    </ClInclude>
    <ClInclude Include="DrawThread.h">
      <Filter>Header Files</Filter>
    </ClInclude>
    <ClInclude Include="HandleThread.h">
      <Filter>Header Files</Filter>
    </ClInclude>
    <ClInclude Include="linkData.h">
      <Filter>Header Files</Filter>
    </ClInclude>
    <ClInclude Include="mscomm.h">
      <Filter>Header Files</Filter>
    </ClInclude>
    <ClInclude Include="PointList.h">
      <Filter>Header Files</Filter>
    </ClInclude>
    <ClInclude Include="receiveData.h">
      <Filter>Header Files</Filter>
    </ClInclude>
    <ClInclude Include="Resource.h">
      <Filter>Header Files</Filter>
    </ClInclude>
    <ClInclude Include="StdAfx.h">
      <Filter>Header Files</Filter>
    </ClInclude>
  </ItemGroup>
  <ItemGroup>
    <Image Include="res\dataPlot.ico">
      <Filter>Resource Files</Filter>
    </Image>
  </ItemGroup>
  <ItemGroup>
    <Text Include="ReadMe.txt" />
  </ItemGroup>
  <ItemGroup>
    <CustomBuild Include="res\dataPlot.rc2">
      <Filter>Resource Files</Filter>
    </CustomBuild>
  </ItemGroup>
</Project>